{
  "requires": true,
  "lockfileVersion": 1,
  "dependencies": {
    "bootstrap": {
      "version": "4.5.3",
      "resolved": "https://registry.npmjs.org/bootstrap/-/bootstrap-4.5.3.tgz",
      "integrity": "sha512-o9ppKQioXGqhw8Z7mah6KdTYpNQY//tipnkxppWhPbiSWdD+1raYsnhwEZjkTHYbGee4cVQ0Rx65EhOY/HNLcQ=="
    },
    "swapimagesonhover": {
      "version": "1.0.0",
      "resolved": "https://registry.npmjs.org/swapimagesonhover/-/swapimagesonhover-1.0.0.tgz",
      "integrity": "sha512-6cX3k6gPwVKQH5+p8b/2PKH+4VKSUPQIMCzoL+TYHgzPQDLNq5dce7M3QTBGNGT7bd1OrxflEdp2FXh173IX1Q=="
    }
  }
}
